
Microsoft Visual Studio Solution File, Format Version 12.00
# Visual Studio Version 17
VisualStudioVersion = 17.13.35931.197
MinimumVisualStudioVersion = 10.0.40219.1
Project("{FAE04EC0-301F-11D3-BF4B-00C04F79EFBC}") = "02_CacaAoBugMVC", "02_CacaAoBugMVC.csproj", "{B42DCB52-E219-41B9-A94D-6B14531BF6D6}"
EndProject
Project("{FAE04EC0-301F-11D3-BF4B-00C04F79EFBC}") = "02_CacaAoBugMVC.Test", "02_CacaAoBugMVC.Test\02_CacaAoBugMVC.Test.csproj", "{76081819-37BA-47A7-8C0D-F47AED81E580}"
EndProject
Global
	GlobalSection(SolutionConfigurationPlatforms) = preSolution
		Debug|Any CPU = Debug|Any CPU
		Release|Any CPU = Release|Any CPU
	EndGlobalSection
	GlobalSection(ProjectConfigurationPlatforms) = postSolution
		{B42DCB52-E219-41B9-A94D-6B14531BF6D6}.Debug|Any CPU.ActiveCfg = Debug|Any CPU
		{B42DCB52-E219-41B9-A94D-6B14531BF6D6}.Debug|Any CPU.Build.0 = Debug|Any CPU
		{B42DCB52-E219-41B9-A94D-6B14531BF6D6}.Release|Any CPU.ActiveCfg = Release|Any CPU
		{B42DCB52-E219-41B9-A94D-6B14531BF6D6}.Release|Any CPU.Build.0 = Release|Any CPU
		{76081819-37BA-47A7-8C0D-F47AED81E580}.Debug|Any CPU.ActiveCfg = Debug|Any CPU
		{76081819-37BA-47A7-8C0D-F47AED81E580}.Debug|Any CPU.Build.0 = Debug|Any CPU
		{76081819-37BA-47A7-8C0D-F47AED81E580}.Release|Any CPU.ActiveCfg = Release|Any CPU
		{76081819-37BA-47A7-8C0D-F47AED81E580}.Release|Any CPU.Build.0 = Release|Any CPU
	EndGlobalSection
	GlobalSection(SolutionProperties) = preSolution
		HideSolutionNode = FALSE
	EndGlobalSection
	GlobalSection(ExtensibilityGlobals) = postSolution
		SolutionGuid = {BE8F1DD3-C03E-44BC-9A9D-7886FED2BBA7}
	EndGlobalSection
EndGlobal
